
Microsoft Visual Studio Solution File, Format Version 12.00
# Visual Studio Version 17
VisualStudioVersion = 17.9.34728.123
MinimumVisualStudioVersion = 10.0.40219.1
Project("{9A19103F-16F7-4668-BE54-9A1E7A4F7556}") = "Test", "Test\Test.csproj", "{9BE14F93-88B1-486A-8312-76DFD07B332E}"
EndProject
Project("{9A19103F-16F7-4668-BE54-9A1E7A4F7556}") = "Analyzer", "Analyzer\Analyzer.csproj", "{FC445E70-EE71-4158-A065-BB4F87F206DD}"
EndProject
Project("{9A19103F-16F7-4668-BE54-9A1E7A4F7556}") = "CMD", "CMD\CMD.csproj", "{9A97C73A-30D6-406C-A541-BADD3E6C726A}"
	ProjectSection(ProjectDependencies) = postProject
		{FC445E70-EE71-4158-A065-BB4F87F206DD} = {FC445E70-EE71-4158-A065-BB4F87F206DD}
	EndProjectSection
EndProject
Project("{9A19103F-16F7-4668-BE54-9A1E7A4F7556}") = "TaskLayer", "TaskLayer\TaskLayer.csproj", "{E2D08567-F3C9-47B3-AC66-62A3D2F1D4CC}"
EndProject
Project("{9A19103F-16F7-4668-BE54-9A1E7A4F7556}") = "ChimericSpectrumConverter", "ChimericSpectrumConverter\ChimericSpectrumConverter.csproj", "{5679FE8C-3BCE-4863-9C97-4E7835DF667C}"
EndProject
Project("{9A19103F-16F7-4668-BE54-9A1E7A4F7556}") = "Calibrator", "Calibrator\Calibrator.csproj", "{67F6A206-3CFF-4AE0-AE7F-DAA90EC56DCF}"
EndProject
Project("{9A19103F-16F7-4668-BE54-9A1E7A4F7556}") = "RetentionTimePrediction", "RetentionTimePrediction\RetentionTimePrediction.csproj", "{23872B49-7F87-4A0C-86A2-59612638801D}"
EndProject
Project("{9A19103F-16F7-4668-BE54-9A1E7A4F7556}") = "MsPathFinderTRunner", "MsPathFinderTRunner\MsPathFinderTRunner.csproj", "{212F9336-1C2B-4C5C-A1FC-9DD8FA9B35AC}"
EndProject
Project("{FAE04EC0-301F-11D3-BF4B-00C04F79EFBC}") = "GradientDevelopment", "GradientDevelopment\GradientDevelopment.csproj", "{2F0EB7AC-4D19-4376-AF20-02794F54809D}"
EndProject
Project("{FAE04EC0-301F-11D3-BF4B-00C04F79EFBC}") = "RadicalFragmentation", "RadicalFragmentaiton\RadicalFragmentation.csproj", "{8B826AF4-2262-4AAC-900A-6C999CB292AB}"
EndProject
Global
	GlobalSection(SolutionConfigurationPlatforms) = preSolution
		Debug|Any CPU = Debug|Any CPU
		Release|Any CPU = Release|Any CPU
	EndGlobalSection
	GlobalSection(ProjectConfigurationPlatforms) = postSolution
		{9BE14F93-88B1-486A-8312-76DFD07B332E}.Debug|Any CPU.ActiveCfg = Debug|Any CPU
		{9BE14F93-88B1-486A-8312-76DFD07B332E}.Debug|Any CPU.Build.0 = Debug|Any CPU
		{9BE14F93-88B1-486A-8312-76DFD07B332E}.Release|Any CPU.ActiveCfg = Release|Any CPU
		{9BE14F93-88B1-486A-8312-76DFD07B332E}.Release|Any CPU.Build.0 = Release|Any CPU
		{FC445E70-EE71-4158-A065-BB4F87F206DD}.Debug|Any CPU.ActiveCfg = Debug|Any CPU
		{FC445E70-EE71-4158-A065-BB4F87F206DD}.Debug|Any CPU.Build.0 = Debug|Any CPU
		{FC445E70-EE71-4158-A065-BB4F87F206DD}.Release|Any CPU.ActiveCfg = Release|Any CPU
		{FC445E70-EE71-4158-A065-BB4F87F206DD}.Release|Any CPU.Build.0 = Release|Any CPU
		{9A97C73A-30D6-406C-A541-BADD3E6C726A}.Debug|Any CPU.ActiveCfg = Debug|Any CPU
		{9A97C73A-30D6-406C-A541-BADD3E6C726A}.Debug|Any CPU.Build.0 = Debug|Any CPU
		{9A97C73A-30D6-406C-A541-BADD3E6C726A}.Release|Any CPU.ActiveCfg = Release|Any CPU
		{9A97C73A-30D6-406C-A541-BADD3E6C726A}.Release|Any CPU.Build.0 = Release|Any CPU
		{E2D08567-F3C9-47B3-AC66-62A3D2F1D4CC}.Debug|Any CPU.ActiveCfg = Debug|Any CPU
		{E2D08567-F3C9-47B3-AC66-62A3D2F1D4CC}.Debug|Any CPU.Build.0 = Debug|Any CPU
		{E2D08567-F3C9-47B3-AC66-62A3D2F1D4CC}.Release|Any CPU.ActiveCfg = Release|Any CPU
		{E2D08567-F3C9-47B3-AC66-62A3D2F1D4CC}.Release|Any CPU.Build.0 = Release|Any CPU
		{5679FE8C-3BCE-4863-9C97-4E7835DF667C}.Debug|Any CPU.ActiveCfg = Debug|Any CPU
		{5679FE8C-3BCE-4863-9C97-4E7835DF667C}.Debug|Any CPU.Build.0 = Debug|Any CPU
		{5679FE8C-3BCE-4863-9C97-4E7835DF667C}.Release|Any CPU.ActiveCfg = Release|Any CPU
		{5679FE8C-3BCE-4863-9C97-4E7835DF667C}.Release|Any CPU.Build.0 = Release|Any CPU
		{67F6A206-3CFF-4AE0-AE7F-DAA90EC56DCF}.Debug|Any CPU.ActiveCfg = Debug|Any CPU
		{67F6A206-3CFF-4AE0-AE7F-DAA90EC56DCF}.Debug|Any CPU.Build.0 = Debug|Any CPU
		{67F6A206-3CFF-4AE0-AE7F-DAA90EC56DCF}.Release|Any CPU.ActiveCfg = Release|Any CPU
		{67F6A206-3CFF-4AE0-AE7F-DAA90EC56DCF}.Release|Any CPU.Build.0 = Release|Any CPU
		{23872B49-7F87-4A0C-86A2-59612638801D}.Debug|Any CPU.ActiveCfg = Debug|Any CPU
		{23872B49-7F87-4A0C-86A2-59612638801D}.Debug|Any CPU.Build.0 = Debug|Any CPU
		{23872B49-7F87-4A0C-86A2-59612638801D}.Release|Any CPU.ActiveCfg = Release|Any CPU
		{23872B49-7F87-4A0C-86A2-59612638801D}.Release|Any CPU.Build.0 = Release|Any CPU
		{212F9336-1C2B-4C5C-A1FC-9DD8FA9B35AC}.Debug|Any CPU.ActiveCfg = Debug|Any CPU
		{212F9336-1C2B-4C5C-A1FC-9DD8FA9B35AC}.Debug|Any CPU.Build.0 = Debug|Any CPU
		{212F9336-1C2B-4C5C-A1FC-9DD8FA9B35AC}.Release|Any CPU.ActiveCfg = Release|Any CPU
		{212F9336-1C2B-4C5C-A1FC-9DD8FA9B35AC}.Release|Any CPU.Build.0 = Release|Any CPU
		{2F0EB7AC-4D19-4376-AF20-02794F54809D}.Debug|Any CPU.ActiveCfg = Debug|Any CPU
		{2F0EB7AC-4D19-4376-AF20-02794F54809D}.Debug|Any CPU.Build.0 = Debug|Any CPU
		{2F0EB7AC-4D19-4376-AF20-02794F54809D}.Release|Any CPU.ActiveCfg = Release|Any CPU
		{2F0EB7AC-4D19-4376-AF20-02794F54809D}.Release|Any CPU.Build.0 = Release|Any CPU
		{8B826AF4-2262-4AAC-900A-6C999CB292AB}.Debug|Any CPU.ActiveCfg = Debug|Any CPU
		{8B826AF4-2262-4AAC-900A-6C999CB292AB}.Debug|Any CPU.Build.0 = Debug|Any CPU
		{8B826AF4-2262-4AAC-900A-6C999CB292AB}.Release|Any CPU.ActiveCfg = Release|Any CPU
		{8B826AF4-2262-4AAC-900A-6C999CB292AB}.Release|Any CPU.Build.0 = Release|Any CPU
	EndGlobalSection
	GlobalSection(SolutionProperties) = preSolution
		HideSolutionNode = FALSE
	EndGlobalSection
	GlobalSection(ExtensibilityGlobals) = postSolution
		SolutionGuid = {BEA303DF-AE8E-4082-AD64-21E92E1E600D}
	EndGlobalSection
EndGlobal
