
Microsoft Visual Studio Solution File, Format Version 12.00
# Visual Studio Version 17
VisualStudioVersion = 17.9.34728.123
MinimumVisualStudioVersion = 10.0.40219.1
Project("{FAE04EC0-301F-11D3-BF4B-00C04F79EFBC}") = "ResultAnalyzer", "ResultAnalyzer\ResultAnalyzer.csproj", "{7B5EE6C4-BB43-4AEB-9948-4E659C014F60}"
EndProject
Project("{FAE04EC0-301F-11D3-BF4B-00C04F79EFBC}") = "Test", "Test\Test.csproj", "{9BE14F93-88B1-486A-8312-76DFD07B332E}"
EndProject
Global
	GlobalSection(SolutionConfigurationPlatforms) = preSolution
		Debug|Any CPU = Debug|Any CPU
		Release|Any CPU = Release|Any CPU
	EndGlobalSection
	GlobalSection(ProjectConfigurationPlatforms) = postSolution
		{7B5EE6C4-BB43-4AEB-9948-4E659C014F60}.Debug|Any CPU.ActiveCfg = Debug|Any CPU
		{7B5EE6C4-BB43-4AEB-9948-4E659C014F60}.Debug|Any CPU.Build.0 = Debug|Any CPU
		{7B5EE6C4-BB43-4AEB-9948-4E659C014F60}.Release|Any CPU.ActiveCfg = Release|Any CPU
		{7B5EE6C4-BB43-4AEB-9948-4E659C014F60}.Release|Any CPU.Build.0 = Release|Any CPU
		{9BE14F93-88B1-486A-8312-76DFD07B332E}.Debug|Any CPU.ActiveCfg = Debug|Any CPU
		{9BE14F93-88B1-486A-8312-76DFD07B332E}.Debug|Any CPU.Build.0 = Debug|Any CPU
		{9BE14F93-88B1-486A-8312-76DFD07B332E}.Release|Any CPU.ActiveCfg = Release|Any CPU
		{9BE14F93-88B1-486A-8312-76DFD07B332E}.Release|Any CPU.Build.0 = Release|Any CPU
	EndGlobalSection
	GlobalSection(SolutionProperties) = preSolution
		HideSolutionNode = FALSE
	EndGlobalSection
	GlobalSection(ExtensibilityGlobals) = postSolution
		SolutionGuid = {BEA303DF-AE8E-4082-AD64-21E92E1E600D}
	EndGlobalSection
EndGlobal
